{
  "name": "oracle-database",
  "version": "1.0.0",
  "lockfileVersion": 3,
  "requires": true,
  "packages": {
    "": {
      "name": "oracle-database",
      "version": "1.0.0",
      "license": "ISC",
      "dependencies": {
        "dotenv": "^16.4.7",
        "oracledb": "^6.7.1"
      }
    },
    "node_modules/dotenv": {
      "version": "16.4.7",
      "resolved": "https://registry.npmjs.org/dotenv/-/dotenv-16.4.7.tgz",
      "integrity": "sha512-47qPchRCykZC03FhkYAhrvwU4xDBFIj1QPqaarj6mdM/hgUzfPHcpkHJOn3mJAufFeeAxAzeGsr5X0M4k6fLZQ==",
      "engines": {
        "node": ">=12"
      },
      "funding": {
        "url": "https://dotenvx.com"
      }
    },
    "node_modules/oracledb": {
      "version": "6.7.1",
      "resolved": "https://registry.npmjs.org/oracledb/-/oracledb-6.7.1.tgz",
      "integrity": "sha512-dOXqgJ8re9kw5Nv9zLlljhBcjsGCUELDD/VEecQlXl2R8IMNxJqdceR+VeKS4gAyVNzq0MOz45lXOiC8OqG1qw==",
      "hasInstallScript": true,
      "engines": {
        "node": ">=14.6"
      }
    }
  }
}
